{
  "name": "gutenberg-new-books",
  "version": "1.0.0",
  "lockfileVersion": 3,
  "requires": true,
  "packages": {
    "": {
      "name": "gutenberg-new-books",
      "version": "1.0.0",
      "dependencies": {
        "opencc-js": "^1.4.2",
        "pinyin-pro": "^3.29.3"
      }
    },
    "node_modules/opencc-js": {
      "version": "1.4.2",
      "resolved": "https://registry.npmjs.org/opencc-js/-/opencc-js-1.4.2.tgz",
      "integrity": "sha512-EdcspgdROiCCZDM+jZR6Pa670xW+EW2QhctPBQ8gRjg6lrx4IHEl+2s+kt5izk/TkxVRgdWuFgaGkaEdIUfdaw==",
      "license": "MIT AND Apache-2.0"
    },
    "node_modules/pinyin-pro": {
      "version": "3.29.3",
      "resolved": "https://registry.npmjs.org/pinyin-pro/-/pinyin-pro-3.29.3.tgz",
      "integrity": "sha512-+UU9bx6vfDw8amOJGHm0TE0rdQl8VPylsDWviQ5OOQ3e+on1xRP4OqDbiDuMT5OISgvfl/Y6ez1BBRaIP80GLQ==",
      "license": "MIT"
    }
  }
}
